
Microsoft Visual Studio Solution File, Format Version 12.00
# Visual Studio Version 17
VisualStudioVersion = 17.1.32421.90
MinimumVisualStudioVersion = 10.0.40219.1
Project("{FAE04EC0-301F-11D3-BF4B-00C04F79EFBC}") = "CodeToGiveTests", "CodeToGiveTests\CodeToGiveTests.csproj", "{D3BFBC92-D503-4AA2-A497-59C18636376B}"
EndProject
Global
	GlobalSection(SolutionConfigurationPlatforms) = preSolution
		Debug|Any CPU = Debug|Any CPU
		Release|Any CPU = Release|Any CPU
	EndGlobalSection
	GlobalSection(ProjectConfigurationPlatforms) = postSolution
		{D3BFBC92-D503-4AA2-A497-59C18636376B}.Debug|Any CPU.ActiveCfg = Debug|Any CPU
		{D3BFBC92-D503-4AA2-A497-59C18636376B}.Debug|Any CPU.Build.0 = Debug|Any CPU
		{D3BFBC92-D503-4AA2-A497-59C18636376B}.Release|Any CPU.ActiveCfg = Release|Any CPU
		{D3BFBC92-D503-4AA2-A497-59C18636376B}.Release|Any CPU.Build.0 = Release|Any CPU
	EndGlobalSection
	GlobalSection(SolutionProperties) = preSolution
		HideSolutionNode = FALSE
	EndGlobalSection
	GlobalSection(ExtensibilityGlobals) = postSolution
		SolutionGuid = {A6D275A2-E7CF-41E3-A900-B6D47596D0B5}
	EndGlobalSection
EndGlobal
